
Microsoft Visual Studio Solution File, Format Version 12.00
# Visual Studio Version 17
VisualStudioVersion = 17.2.32519.379
MinimumVisualStudioVersion = 10.0.40219.1
Project("{FAE04EC0-301F-11D3-BF4B-00C04F79EFBC}") = "MySampleAPI", "MySampleAPI\MySampleAPI.csproj", "{A22D5E0B-A3B6-4C3C-9E22-59BD17FCEC8A}"
EndProject
Global
	GlobalSection(SolutionConfigurationPlatforms) = preSolution
		Debug|Any CPU = Debug|Any CPU
		Release|Any CPU = Release|Any CPU
	EndGlobalSection
	GlobalSection(ProjectConfigurationPlatforms) = postSolution
		{A22D5E0B-A3B6-4C3C-9E22-59BD17FCEC8A}.Debug|Any CPU.ActiveCfg = Debug|Any CPU
		{A22D5E0B-A3B6-4C3C-9E22-59BD17FCEC8A}.Debug|Any CPU.Build.0 = Debug|Any CPU
		{A22D5E0B-A3B6-4C3C-9E22-59BD17FCEC8A}.Release|Any CPU.ActiveCfg = Release|Any CPU
		{A22D5E0B-A3B6-4C3C-9E22-59BD17FCEC8A}.Release|Any CPU.Build.0 = Release|Any CPU
	EndGlobalSection
	GlobalSection(SolutionProperties) = preSolution
		HideSolutionNode = FALSE
	EndGlobalSection
	GlobalSection(ExtensibilityGlobals) = postSolution
		SolutionGuid = {62ED24C9-C470-43D1-BCC0-229320F6D0AB}
	EndGlobalSection
EndGlobal
